
Microsoft Visual Studio Solution File, Format Version 12.00
# Visual Studio 15
VisualStudioVersion = 15.0.26206.0
MinimumVisualStudioVersion = 10.0.40219.1
Project("{FAE04EC0-301F-11D3-BF4B-00C04F79EFBC}") = "Prova.SysContrato", "Prova.SysContrato\Prova.SysContrato.csproj", "{FE195699-24BA-4F0F-B4EF-8B63EAFEA18B}"
EndProject
Project("{FAE04EC0-301F-11D3-BF4B-00C04F79EFBC}") = "SysContrato.Dominio", "SysContrato.Dominio\SysContrato.Dominio.csproj", "{ADB61AF4-4B94-4B3B-B8C3-84C64FE96883}"
EndProject
Project("{FAE04EC0-301F-11D3-BF4B-00C04F79EFBC}") = "SysContrato.Dados", "SysContrato.Dados\SysContrato.Dados.csproj", "{11AD7367-8DFC-45C9-96CB-8FC1DE598DE8}"
EndProject
Global
	GlobalSection(SolutionConfigurationPlatforms) = preSolution
		Debug|Any CPU = Debug|Any CPU
		Release|Any CPU = Release|Any CPU
	EndGlobalSection
	GlobalSection(ProjectConfigurationPlatforms) = postSolution
		{FE195699-24BA-4F0F-B4EF-8B63EAFEA18B}.Debug|Any CPU.ActiveCfg = Debug|Any CPU
		{FE195699-24BA-4F0F-B4EF-8B63EAFEA18B}.Debug|Any CPU.Build.0 = Debug|Any CPU
		{FE195699-24BA-4F0F-B4EF-8B63EAFEA18B}.Release|Any CPU.ActiveCfg = Release|Any CPU
		{FE195699-24BA-4F0F-B4EF-8B63EAFEA18B}.Release|Any CPU.Build.0 = Release|Any CPU
		{ADB61AF4-4B94-4B3B-B8C3-84C64FE96883}.Debug|Any CPU.ActiveCfg = Debug|Any CPU
		{ADB61AF4-4B94-4B3B-B8C3-84C64FE96883}.Debug|Any CPU.Build.0 = Debug|Any CPU
		{ADB61AF4-4B94-4B3B-B8C3-84C64FE96883}.Release|Any CPU.ActiveCfg = Release|Any CPU
		{ADB61AF4-4B94-4B3B-B8C3-84C64FE96883}.Release|Any CPU.Build.0 = Release|Any CPU
		{11AD7367-8DFC-45C9-96CB-8FC1DE598DE8}.Debug|Any CPU.ActiveCfg = Debug|Any CPU
		{11AD7367-8DFC-45C9-96CB-8FC1DE598DE8}.Debug|Any CPU.Build.0 = Debug|Any CPU
		{11AD7367-8DFC-45C9-96CB-8FC1DE598DE8}.Release|Any CPU.ActiveCfg = Release|Any CPU
		{11AD7367-8DFC-45C9-96CB-8FC1DE598DE8}.Release|Any CPU.Build.0 = Release|Any CPU
	EndGlobalSection
	GlobalSection(SolutionProperties) = preSolution
		HideSolutionNode = FALSE
	EndGlobalSection
EndGlobal
